<?xml version="1.0" encoding="utf-8"?>
<Project ToolsVersion="14.0" xmlns="http://schemas.microsoft.com/developer/msbuild/2003">
  <ItemGroup>
    <Filter Include="Resources">
      <UniqueIdentifier>572d76e4-ced2-42de-87ba-d59d7d00fcac</UniqueIdentifier>
      <Extensions>rc;ico;cur;bmp;dlg;rc2;rct;bin;rgs;gif;jpg;jpeg;jpe;resx;tga;tiff;tif;png;wav;mfcribbon-ms</Extensions>
    </Filter>
    <Filter Include="Managed">
      <UniqueIdentifier>{88b19718-7d07-4600-bdcb-b0b97b6e9f7a}</UniqueIdentifier>
    </Filter>
    <Filter Include="Impl">
      <UniqueIdentifier>{8473670c-42b2-44ed-b42e-ba749643287c}</UniqueIdentifier>
    </Filter>
    <Filter Include="Common">
      <UniqueIdentifier>{a2894f68-0e65-45c2-b553-3c13199284ed}</UniqueIdentifier>
    </Filter>
  </ItemGroup>
  <ItemGroup>
    <ClCompile Include="pch.cpp" />
    <ClCompile Include="ChessBoard.cpp">
      <Filter>Managed</Filter>
    </ClCompile>
    <ClCompile Include="Engine.cpp">
      <Filter>Managed</Filter>
    </ClCompile>
    <ClCompile Include="..\Common\AutoLock.cpp">
      <Filter>Common</Filter>
    </ClCompile>
    <ClCompile Include="DataConverter.cpp">
      <Filter>Common</Filter>
    </ClCompile>
    <ClCompile Include="ManagedConverter.cpp">
      <Filter>Common</Filter>
    </ClCompile>
    <ClCompile Include="ChessBoardImpl.cpp">
      <Filter>Impl</Filter>
    </ClCompile>
    <ClCompile Include="ChessEngineImpl.cpp">
      <Filter>Impl</Filter>
    </ClCompile>
    <ClCompile Include="ChessGames.cpp">
      <Filter>Impl</Filter>
    </ClCompile>
    <ClCompile Include="EngineCommunicationThread.cpp">
      <Filter>Impl</Filter>
    </ClCompile>
    <ClCompile Include="EngineDefines.cpp">
      <Filter>Impl</Filter>
    </ClCompile>
    <ClCompile Include="MoveScope.cpp">
      <Filter>Impl</Filter>
    </ClCompile>
    <ClCompile Include="MoveValidationAlgorithm.cpp">
      <Filter>Impl</Filter>
    </ClCompile>
    <ClCompile Include="UCIChessEngine.cpp">
      <Filter>Impl</Filter>
    </ClCompile>
    <ClCompile Include="..\Common\json.cpp">
      <Filter>Common</Filter>
    </ClCompile>
    <ClCompile Include="Coordinate.cpp">
      <Filter>Managed</Filter>
    </ClCompile>
    <ClCompile Include="Move.cpp">
      <Filter>Managed</Filter>
    </ClCompile>
    <ClCompile Include="ChessPiece.cpp" />
    <ClCompile Include="..\Common\ThreadBase.cpp">
      <Filter>Common</Filter>
    </ClCompile>
    <ClCompile Include="InProcEngineCommThread.cpp">
      <Filter>Impl</Filter>
    </ClCompile>
    <ClCompile Include="..\Common\MemoryStream.cpp">
      <Filter>Common</Filter>
    </ClCompile>
    <ClCompile Include="..\Common\Event.cpp">
      <Filter>Common</Filter>
    </ClCompile>
    <ClCompile Include="EngineNotificationAdaptor.cpp">
      <Filter>Impl</Filter>
    </ClCompile>
    <ClCompile Include="ChessPiece.cpp">
      <Filter>Managed</Filter>
    </ClCompile>
    <ClCompile Include="MoveData.cpp">
      <Filter>Managed</Filter>
    </ClCompile>
  </ItemGroup>
  <ItemGroup>
    <ClInclude Include="pch.h" />
    <ClInclude Include="ChessBoard.h">
      <Filter>Managed</Filter>
    </ClInclude>
    <ClInclude Include="Engine.h">
      <Filter>Managed</Filter>
    </ClInclude>
    <ClInclude Include="..\Common\AutoLock.h">
      <Filter>Common</Filter>
    </ClInclude>
    <ClInclude Include="DataConverter.h">
      <Filter>Common</Filter>
    </ClInclude>
    <ClInclude Include="ManagedConverter.h">
      <Filter>Common</Filter>
    </ClInclude>
    <ClInclude Include="..\Common\StatePreserver.h">
      <Filter>Common</Filter>
    </ClInclude>
    <ClInclude Include="Utils.h">
      <Filter>Common</Filter>
    </ClInclude>
    <ClInclude Include="ChessBoardImpl.h">
      <Filter>Impl</Filter>
    </ClInclude>
    <ClInclude Include="ChessEngineFactory.h">
      <Filter>Impl</Filter>
    </ClInclude>
    <ClInclude Include="ChessEngineImpl.h">
      <Filter>Impl</Filter>
    </ClInclude>
    <ClInclude Include="ChessGames.h">
      <Filter>Impl</Filter>
    </ClInclude>
    <ClInclude Include="EngineCommunicationThread.h">
      <Filter>Impl</Filter>
    </ClInclude>
    <ClInclude Include="EngineDefines.h">
      <Filter>Impl</Filter>
    </ClInclude>
    <ClInclude Include="IChessEngine.h">
      <Filter>Impl</Filter>
    </ClInclude>
    <ClInclude Include="IChessEngineNotifications.h">
      <Filter>Impl</Filter>
    </ClInclude>
    <ClInclude Include="MoveDatabase.h">
      <Filter>Impl</Filter>
    </ClInclude>
    <ClInclude Include="MoveScope.h">
      <Filter>Impl</Filter>
    </ClInclude>
    <ClInclude Include="MoveValidationAlgorithm.h">
      <Filter>Impl</Filter>
    </ClInclude>
    <ClInclude Include="UCIChessEngine.h">
      <Filter>Impl</Filter>
    </ClInclude>
    <ClInclude Include="..\Common\json.h">
      <Filter>Common</Filter>
    </ClInclude>
    <ClInclude Include="IEngineNotification.h">
      <Filter>Managed</Filter>
    </ClInclude>
    <ClInclude Include="ManagedDefines.h">
      <Filter>Managed</Filter>
    </ClInclude>
    <ClInclude Include="Coordinate.h">
      <Filter>Managed</Filter>
    </ClInclude>
    <ClInclude Include="Move.h">
      <Filter>Managed</Filter>
    </ClInclude>
    <ClInclude Include="ChessPiece.h" />
    <ClInclude Include="..\Common\ThreadBase.h">
      <Filter>Common</Filter>
    </ClInclude>
    <ClInclude Include="IEngineCommThread.h">
      <Filter>Impl</Filter>
    </ClInclude>
    <ClInclude Include="InProcEngineCommThread.h">
      <Filter>Impl</Filter>
    </ClInclude>
    <ClInclude Include="EngineCommThreadFactory.h">
      <Filter>Impl</Filter>
    </ClInclude>
    <ClInclude Include="..\Common\MemoryStream.h">
      <Filter>Common</Filter>
    </ClInclude>
    <ClInclude Include="..\Common\Event.h">
      <Filter>Common</Filter>
    </ClInclude>
    <ClInclude Include="EngineNotificationAdaptor.h">
      <Filter>Impl</Filter>
    </ClInclude>
    <ClInclude Include="AnalysisData.h">
      <Filter>Managed</Filter>
    </ClInclude>
    <ClInclude Include="MoveData.h">
      <Filter>Managed</Filter>
    </ClInclude>
  </ItemGroup>
</Project>