<?xml version="1.0" encoding="utf-8"?>
<Project ToolsVersion="14.0" xmlns="http://schemas.microsoft.com/developer/msbuild/2003">
  <ItemGroup>
    <Filter Include="Resource Files">
      <UniqueIdentifier>{67DA6AB6-F800-4c08-8B7A-83BB121AAD01}</UniqueIdentifier>
      <Extensions>rc;ico;cur;bmp;dlg;rc2;rct;bin;rgs;gif;jpg;jpeg;jpe;resx;tga;tiff;tif;png;wav;mfcribbon-ms</Extensions>
    </Filter>
  </ItemGroup>
  <ItemGroup>
    <ClCompile Include="benchmark.cpp" />
    <ClCompile Include="bitbase.cpp" />
    <ClCompile Include="bitboard.cpp" />
    <ClCompile Include="endgame.cpp" />
    <ClCompile Include="evaluate.cpp" />
    <ClCompile Include="main.cpp" />
    <ClCompile Include="material.cpp" />
    <ClCompile Include="misc.cpp" />
    <ClCompile Include="movegen.cpp" />
    <ClCompile Include="movepick.cpp" />
    <ClCompile Include="pawns.cpp" />
    <ClCompile Include="pch.cpp" />
    <ClCompile Include="position.cpp" />
    <ClCompile Include="psqt.cpp" />
    <ClCompile Include="search.cpp" />
    <ClCompile Include="thread.cpp" />
    <ClCompile Include="timeman.cpp" />
    <ClCompile Include="tt.cpp" />
    <ClCompile Include="uci.cpp" />
    <ClCompile Include="ucioption.cpp" />
    <ClCompile Include="syzygy\tbcore.cpp" />
    <ClCompile Include="syzygy\tbprobe.cpp" />
    <ClCompile Include="ChessEngineEntryPoint.cpp" />
    <ClCompile Include="..\Common\ThreadBase.cpp" />
    <ClCompile Include="..\Common\Event.cpp" />
    <ClCompile Include="..\Common\MemoryStream.cpp" />
  </ItemGroup>
  <ItemGroup>
    <ClInclude Include="bitboard.h" />
    <ClInclude Include="bitcount.h" />
    <ClInclude Include="endgame.h" />
    <ClInclude Include="evaluate.h" />
    <ClInclude Include="material.h" />
    <ClInclude Include="misc.h" />
    <ClInclude Include="movegen.h" />
    <ClInclude Include="movepick.h" />
    <ClInclude Include="pawns.h" />
    <ClInclude Include="pch.h" />
    <ClInclude Include="position.h" />
    <ClInclude Include="search.h" />
    <ClInclude Include="thread.h" />
    <ClInclude Include="thread_win32.h" />
    <ClInclude Include="timeman.h" />
    <ClInclude Include="tt.h" />
    <ClInclude Include="types.h" />
    <ClInclude Include="uci.h" />
    <ClInclude Include="syzygy\tbcore.h" />
    <ClInclude Include="syzygy\tbprobe.h" />
    <ClInclude Include="ChessEngineEntryPoint.h" />
    <ClInclude Include="..\Common\ThreadBase.h" />
    <ClInclude Include="..\Common\Event.h" />
    <ClInclude Include="..\Common\MemoryStream.h" />
  </ItemGroup>
  <ItemGroup>
    <None Include="Makefile" />
  </ItemGroup>
</Project>